
Microsoft Visual Studio Solution File, Format Version 12.00
# Visual Studio 15
VisualStudioVersion = 15.0.28307.572
MinimumVisualStudioVersion = 10.0.40219.1
Project("{FAE04EC0-301F-11D3-BF4B-00C04F79EFBC}") = "AgendaHeightCustomization.Android", "AgendaHeightCustomization\AgendaHeightCustomization.Android\AgendaHeightCustomization.Android.csproj", "{16FB953C-FBB0-4A93-AC55-D3C577F27499}"
EndProject
Project("{FAE04EC0-301F-11D3-BF4B-00C04F79EFBC}") = "AgendaHeightCustomization.iOS", "AgendaHeightCustomization\AgendaHeightCustomization.iOS\AgendaHeightCustomization.iOS.csproj", "{B20B39FD-007F-4961-B49E-D152061913B7}"
EndProject
Project("{FAE04EC0-301F-11D3-BF4B-00C04F79EFBC}") = "AgendaHeightCustomization.UWP", "AgendaHeightCustomization\AgendaHeightCustomization.UWP\AgendaHeightCustomization.UWP.csproj", "{5B2C3D0B-2730-40AD-A4CE-126CDC86B41A}"
EndProject
Project("{FAE04EC0-301F-11D3-BF4B-00C04F79EFBC}") = "AgendaHeightCustomization", "AgendaHeightCustomization\AgendaHeightCustomization\AgendaHeightCustomization.csproj", "{EEFA67EA-2FE2-4287-99B7-FD3B5055282D}"
EndProject
Global
	GlobalSection(SolutionConfigurationPlatforms) = preSolution
		Ad-Hoc|Any CPU = Ad-Hoc|Any CPU
		Ad-Hoc|ARM = Ad-Hoc|ARM
		Ad-Hoc|iPhone = Ad-Hoc|iPhone
		Ad-Hoc|iPhoneSimulator = Ad-Hoc|iPhoneSimulator
		Ad-Hoc|x64 = Ad-Hoc|x64
		Ad-Hoc|x86 = Ad-Hoc|x86
		AppStore|Any CPU = AppStore|Any CPU
		AppStore|ARM = AppStore|ARM
		AppStore|iPhone = AppStore|iPhone
		AppStore|iPhoneSimulator = AppStore|iPhoneSimulator
		AppStore|x64 = AppStore|x64
		AppStore|x86 = AppStore|x86
		Debug|Any CPU = Debug|Any CPU
		Debug|ARM = Debug|ARM
		Debug|iPhone = Debug|iPhone
		Debug|iPhoneSimulator = Debug|iPhoneSimulator
		Debug|x64 = Debug|x64
		Debug|x86 = Debug|x86
		Release|Any CPU = Release|Any CPU
		Release|ARM = Release|ARM
		Release|iPhone = Release|iPhone
		Release|iPhoneSimulator = Release|iPhoneSimulator
		Release|x64 = Release|x64
		Release|x86 = Release|x86
	EndGlobalSection
	GlobalSection(ProjectConfigurationPlatforms) = postSolution
		{16FB953C-FBB0-4A93-AC55-D3C577F27499}.Ad-Hoc|Any CPU.ActiveCfg = Release|Any CPU
		{16FB953C-FBB0-4A93-AC55-D3C577F27499}.Ad-Hoc|Any CPU.Build.0 = Release|Any CPU
		{16FB953C-FBB0-4A93-AC55-D3C577F27499}.Ad-Hoc|Any CPU.Deploy.0 = Release|Any CPU
		{16FB953C-FBB0-4A93-AC55-D3C577F27499}.Ad-Hoc|ARM.ActiveCfg = Release|Any CPU
		{16FB953C-FBB0-4A93-AC55-D3C577F27499}.Ad-Hoc|ARM.Build.0 = Release|Any CPU
		{16FB953C-FBB0-4A93-AC55-D3C577F27499}.Ad-Hoc|ARM.Deploy.0 = Release|Any CPU
		{16FB953C-FBB0-4A93-AC55-D3C577F27499}.Ad-Hoc|iPhone.ActiveCfg = Release|Any CPU
		{16FB953C-FBB0-4A93-AC55-D3C577F27499}.Ad-Hoc|iPhone.Build.0 = Release|Any CPU
		{16FB953C-FBB0-4A93-AC55-D3C577F27499}.Ad-Hoc|iPhone.Deploy.0 = Release|Any CPU
		{16FB953C-FBB0-4A93-AC55-D3C577F27499}.Ad-Hoc|iPhoneSimulator.ActiveCfg = Release|Any CPU
		{16FB953C-FBB0-4A93-AC55-D3C577F27499}.Ad-Hoc|iPhoneSimulator.Build.0 = Release|Any CPU
		{16FB953C-FBB0-4A93-AC55-D3C577F27499}.Ad-Hoc|iPhoneSimulator.Deploy.0 = Release|Any CPU
		{16FB953C-FBB0-4A93-AC55-D3C577F27499}.Ad-Hoc|x64.ActiveCfg = Release|Any CPU
		{16FB953C-FBB0-4A93-AC55-D3C577F27499}.Ad-Hoc|x64.Build.0 = Release|Any CPU
		{16FB953C-FBB0-4A93-AC55-D3C577F27499}.Ad-Hoc|x64.Deploy.0 = Release|Any CPU
		{16FB953C-FBB0-4A93-AC55-D3C577F27499}.Ad-Hoc|x86.ActiveCfg = Release|Any CPU
		{16FB953C-FBB0-4A93-AC55-D3C577F27499}.Ad-Hoc|x86.Build.0 = Release|Any CPU
		{16FB953C-FBB0-4A93-AC55-D3C577F27499}.Ad-Hoc|x86.Deploy.0 = Release|Any CPU
		{16FB953C-FBB0-4A93-AC55-D3C577F27499}.AppStore|Any CPU.ActiveCfg = Release|Any CPU
		{16FB953C-FBB0-4A93-AC55-D3C577F27499}.AppStore|Any CPU.Build.0 = Release|Any CPU
		{16FB953C-FBB0-4A93-AC55-D3C577F27499}.AppStore|Any CPU.Deploy.0 = Release|Any CPU
		{16FB953C-FBB0-4A93-AC55-D3C577F27499}.AppStore|ARM.ActiveCfg = Release|Any CPU
		{16FB953C-FBB0-4A93-AC55-D3C577F27499}.AppStore|ARM.Build.0 = Release|Any CPU
		{16FB953C-FBB0-4A93-AC55-D3C577F27499}.AppStore|ARM.Deploy.0 = Release|Any CPU
		{16FB953C-FBB0-4A93-AC55-D3C577F27499}.AppStore|iPhone.ActiveCfg = Release|Any CPU
		{16FB953C-FBB0-4A93-AC55-D3C577F27499}.AppStore|iPhone.Build.0 = Release|Any CPU
		{16FB953C-FBB0-4A93-AC55-D3C577F27499}.AppStore|iPhone.Deploy.0 = Release|Any CPU
		{16FB953C-FBB0-4A93-AC55-D3C577F27499}.AppStore|iPhoneSimulator.ActiveCfg = Release|Any CPU
		{16FB953C-FBB0-4A93-AC55-D3C577F27499}.AppStore|iPhoneSimulator.Build.0 = Release|Any CPU
		{16FB953C-FBB0-4A93-AC55-D3C577F27499}.AppStore|iPhoneSimulator.Deploy.0 = Release|Any CPU
		{16FB953C-FBB0-4A93-AC55-D3C577F27499}.AppStore|x64.ActiveCfg = Release|Any CPU
		{16FB953C-FBB0-4A93-AC55-D3C577F27499}.AppStore|x64.Build.0 = Release|Any CPU
		{16FB953C-FBB0-4A93-AC55-D3C577F27499}.AppStore|x64.Deploy.0 = Release|Any CPU
		{16FB953C-FBB0-4A93-AC55-D3C577F27499}.AppStore|x86.ActiveCfg = Release|Any CPU
		{16FB953C-FBB0-4A93-AC55-D3C577F27499}.AppStore|x86.Build.0 = Release|Any CPU
		{16FB953C-FBB0-4A93-AC55-D3C577F27499}.AppStore|x86.Deploy.0 = Release|Any CPU
		{16FB953C-FBB0-4A93-AC55-D3C577F27499}.Debug|Any CPU.ActiveCfg = Debug|Any CPU
		{16FB953C-FBB0-4A93-AC55-D3C577F27499}.Debug|Any CPU.Build.0 = Debug|Any CPU
		{16FB953C-FBB0-4A93-AC55-D3C577F27499}.Debug|Any CPU.Deploy.0 = Debug|Any CPU
		{16FB953C-FBB0-4A93-AC55-D3C577F27499}.Debug|ARM.ActiveCfg = Debug|Any CPU
		{16FB953C-FBB0-4A93-AC55-D3C577F27499}.Debug|ARM.Build.0 = Debug|Any CPU
		{16FB953C-FBB0-4A93-AC55-D3C577F27499}.Debug|ARM.Deploy.0 = Debug|Any CPU
		{16FB953C-FBB0-4A93-AC55-D3C577F27499}.Debug|iPhone.ActiveCfg = Debug|Any CPU
		{16FB953C-FBB0-4A93-AC55-D3C577F27499}.Debug|iPhone.Build.0 = Debug|Any CPU
		{16FB953C-FBB0-4A93-AC55-D3C577F27499}.Debug|iPhone.Deploy.0 = Debug|Any CPU
		{16FB953C-FBB0-4A93-AC55-D3C577F27499}.Debug|iPhoneSimulator.ActiveCfg = Debug|Any CPU
		{16FB953C-FBB0-4A93-AC55-D3C577F27499}.Debug|iPhoneSimulator.Build.0 = Debug|Any CPU
		{16FB953C-FBB0-4A93-AC55-D3C577F27499}.Debug|iPhoneSimulator.Deploy.0 = Debug|Any CPU
		{16FB953C-FBB0-4A93-AC55-D3C577F27499}.Debug|x64.ActiveCfg = Debug|Any CPU
		{16FB953C-FBB0-4A93-AC55-D3C577F27499}.Debug|x64.Build.0 = Debug|Any CPU
		{16FB953C-FBB0-4A93-AC55-D3C577F27499}.Debug|x64.Deploy.0 = Debug|Any CPU
		{16FB953C-FBB0-4A93-AC55-D3C577F27499}.Debug|x86.ActiveCfg = Debug|Any CPU
		{16FB953C-FBB0-4A93-AC55-D3C577F27499}.Debug|x86.Build.0 = Debug|Any CPU
		{16FB953C-FBB0-4A93-AC55-D3C577F27499}.Debug|x86.Deploy.0 = Debug|Any CPU
		{16FB953C-FBB0-4A93-AC55-D3C577F27499}.Release|Any CPU.ActiveCfg = Release|Any CPU
		{16FB953C-FBB0-4A93-AC55-D3C577F27499}.Release|Any CPU.Build.0 = Release|Any CPU
		{16FB953C-FBB0-4A93-AC55-D3C577F27499}.Release|Any CPU.Deploy.0 = Release|Any CPU
		{16FB953C-FBB0-4A93-AC55-D3C577F27499}.Release|ARM.ActiveCfg = Release|Any CPU
		{16FB953C-FBB0-4A93-AC55-D3C577F27499}.Release|ARM.Build.0 = Release|Any CPU
		{16FB953C-FBB0-4A93-AC55-D3C577F27499}.Release|ARM.Deploy.0 = Release|Any CPU
		{16FB953C-FBB0-4A93-AC55-D3C577F27499}.Release|iPhone.ActiveCfg = Release|Any CPU
		{16FB953C-FBB0-4A93-AC55-D3C577F27499}.Release|iPhone.Build.0 = Release|Any CPU
		{16FB953C-FBB0-4A93-AC55-D3C577F27499}.Release|iPhone.Deploy.0 = Release|Any CPU
		{16FB953C-FBB0-4A93-AC55-D3C577F27499}.Release|iPhoneSimulator.ActiveCfg = Release|Any CPU
		{16FB953C-FBB0-4A93-AC55-D3C577F27499}.Release|iPhoneSimulator.Build.0 = Release|Any CPU
		{16FB953C-FBB0-4A93-AC55-D3C577F27499}.Release|iPhoneSimulator.Deploy.0 = Release|Any CPU
		{16FB953C-FBB0-4A93-AC55-D3C577F27499}.Release|x64.ActiveCfg = Release|Any CPU
		{16FB953C-FBB0-4A93-AC55-D3C577F27499}.Release|x64.Build.0 = Release|Any CPU
		{16FB953C-FBB0-4A93-AC55-D3C577F27499}.Release|x64.Deploy.0 = Release|Any CPU
		{16FB953C-FBB0-4A93-AC55-D3C577F27499}.Release|x86.ActiveCfg = Release|Any CPU
		{16FB953C-FBB0-4A93-AC55-D3C577F27499}.Release|x86.Build.0 = Release|Any CPU
		{16FB953C-FBB0-4A93-AC55-D3C577F27499}.Release|x86.Deploy.0 = Release|Any CPU
		{B20B39FD-007F-4961-B49E-D152061913B7}.Ad-Hoc|Any CPU.ActiveCfg = Ad-Hoc|iPhone
		{B20B39FD-007F-4961-B49E-D152061913B7}.Ad-Hoc|Any CPU.Build.0 = Ad-Hoc|iPhone
		{B20B39FD-007F-4961-B49E-D152061913B7}.Ad-Hoc|Any CPU.Deploy.0 = Ad-Hoc|iPhone
		{B20B39FD-007F-4961-B49E-D152061913B7}.Ad-Hoc|ARM.ActiveCfg = Ad-Hoc|iPhone
		{B20B39FD-007F-4961-B49E-D152061913B7}.Ad-Hoc|ARM.Build.0 = Ad-Hoc|iPhone
		{B20B39FD-007F-4961-B49E-D152061913B7}.Ad-Hoc|ARM.Deploy.0 = Ad-Hoc|iPhone
		{B20B39FD-007F-4961-B49E-D152061913B7}.Ad-Hoc|iPhone.ActiveCfg = Ad-Hoc|iPhone
		{B20B39FD-007F-4961-B49E-D152061913B7}.Ad-Hoc|iPhone.Build.0 = Ad-Hoc|iPhone
		{B20B39FD-007F-4961-B49E-D152061913B7}.Ad-Hoc|iPhone.Deploy.0 = Ad-Hoc|iPhone
		{B20B39FD-007F-4961-B49E-D152061913B7}.Ad-Hoc|iPhoneSimulator.ActiveCfg = Ad-Hoc|iPhoneSimulator
		{B20B39FD-007F-4961-B49E-D152061913B7}.Ad-Hoc|iPhoneSimulator.Build.0 = Ad-Hoc|iPhoneSimulator
		{B20B39FD-007F-4961-B49E-D152061913B7}.Ad-Hoc|iPhoneSimulator.Deploy.0 = Ad-Hoc|iPhoneSimulator
		{B20B39FD-007F-4961-B49E-D152061913B7}.Ad-Hoc|x64.ActiveCfg = Ad-Hoc|iPhone
		{B20B39FD-007F-4961-B49E-D152061913B7}.Ad-Hoc|x64.Build.0 = Ad-Hoc|iPhone
		{B20B39FD-007F-4961-B49E-D152061913B7}.Ad-Hoc|x64.Deploy.0 = Ad-Hoc|iPhone
		{B20B39FD-007F-4961-B49E-D152061913B7}.Ad-Hoc|x86.ActiveCfg = Ad-Hoc|iPhone
		{B20B39FD-007F-4961-B49E-D152061913B7}.Ad-Hoc|x86.Build.0 = Ad-Hoc|iPhone
		{B20B39FD-007F-4961-B49E-D152061913B7}.Ad-Hoc|x86.Deploy.0 = Ad-Hoc|iPhone
		{B20B39FD-007F-4961-B49E-D152061913B7}.AppStore|Any CPU.ActiveCfg = AppStore|iPhone
		{B20B39FD-007F-4961-B49E-D152061913B7}.AppStore|Any CPU.Build.0 = AppStore|iPhone
		{B20B39FD-007F-4961-B49E-D152061913B7}.AppStore|Any CPU.Deploy.0 = AppStore|iPhone
		{B20B39FD-007F-4961-B49E-D152061913B7}.AppStore|ARM.ActiveCfg = AppStore|iPhone
		{B20B39FD-007F-4961-B49E-D152061913B7}.AppStore|ARM.Build.0 = AppStore|iPhone
		{B20B39FD-007F-4961-B49E-D152061913B7}.AppStore|ARM.Deploy.0 = AppStore|iPhone
		{B20B39FD-007F-4961-B49E-D152061913B7}.AppStore|iPhone.ActiveCfg = AppStore|iPhone
		{B20B39FD-007F-4961-B49E-D152061913B7}.AppStore|iPhone.Build.0 = AppStore|iPhone
		{B20B39FD-007F-4961-B49E-D152061913B7}.AppStore|iPhone.Deploy.0 = AppStore|iPhone
		{B20B39FD-007F-4961-B49E-D152061913B7}.AppStore|iPhoneSimulator.ActiveCfg = AppStore|iPhoneSimulator
		{B20B39FD-007F-4961-B49E-D152061913B7}.AppStore|iPhoneSimulator.Build.0 = AppStore|iPhoneSimulator
		{B20B39FD-007F-4961-B49E-D152061913B7}.AppStore|iPhoneSimulator.Deploy.0 = AppStore|iPhoneSimulator
		{B20B39FD-007F-4961-B49E-D152061913B7}.AppStore|x64.ActiveCfg = AppStore|iPhone
		{B20B39FD-007F-4961-B49E-D152061913B7}.AppStore|x64.Build.0 = AppStore|iPhone
		{B20B39FD-007F-4961-B49E-D152061913B7}.AppStore|x64.Deploy.0 = AppStore|iPhone
		{B20B39FD-007F-4961-B49E-D152061913B7}.AppStore|x86.ActiveCfg = AppStore|iPhone
		{B20B39FD-007F-4961-B49E-D152061913B7}.AppStore|x86.Build.0 = AppStore|iPhone
		{B20B39FD-007F-4961-B49E-D152061913B7}.AppStore|x86.Deploy.0 = AppStore|iPhone
		{B20B39FD-007F-4961-B49E-D152061913B7}.Debug|Any CPU.ActiveCfg = Debug|iPhoneSimulator
		{B20B39FD-007F-4961-B49E-D152061913B7}.Debug|Any CPU.Build.0 = Debug|iPhoneSimulator
		{B20B39FD-007F-4961-B49E-D152061913B7}.Debug|Any CPU.Deploy.0 = Debug|iPhoneSimulator
		{B20B39FD-007F-4961-B49E-D152061913B7}.Debug|ARM.ActiveCfg = Debug|iPhone
		{B20B39FD-007F-4961-B49E-D152061913B7}.Debug|ARM.Build.0 = Debug|iPhone
		{B20B39FD-007F-4961-B49E-D152061913B7}.Debug|ARM.Deploy.0 = Debug|iPhone
		{B20B39FD-007F-4961-B49E-D152061913B7}.Debug|iPhone.ActiveCfg = Debug|iPhone
		{B20B39FD-007F-4961-B49E-D152061913B7}.Debug|iPhone.Build.0 = Debug|iPhone
		{B20B39FD-007F-4961-B49E-D152061913B7}.Debug|iPhone.Deploy.0 = Debug|iPhone
		{B20B39FD-007F-4961-B49E-D152061913B7}.Debug|iPhoneSimulator.ActiveCfg = Debug|iPhoneSimulator
		{B20B39FD-007F-4961-B49E-D152061913B7}.Debug|iPhoneSimulator.Build.0 = Debug|iPhoneSimulator
		{B20B39FD-007F-4961-B49E-D152061913B7}.Debug|iPhoneSimulator.Deploy.0 = Debug|iPhoneSimulator
		{B20B39FD-007F-4961-B49E-D152061913B7}.Debug|x64.ActiveCfg = Debug|iPhone
		{B20B39FD-007F-4961-B49E-D152061913B7}.Debug|x64.Build.0 = Debug|iPhone
		{B20B39FD-007F-4961-B49E-D152061913B7}.Debug|x64.Deploy.0 = Debug|iPhone
		{B20B39FD-007F-4961-B49E-D152061913B7}.Debug|x86.ActiveCfg = Debug|iPhone
		{B20B39FD-007F-4961-B49E-D152061913B7}.Debug|x86.Build.0 = Debug|iPhone
		{B20B39FD-007F-4961-B49E-D152061913B7}.Debug|x86.Deploy.0 = Debug|iPhone
		{B20B39FD-007F-4961-B49E-D152061913B7}.Release|Any CPU.ActiveCfg = Release|iPhone
		{B20B39FD-007F-4961-B49E-D152061913B7}.Release|Any CPU.Build.0 = Release|iPhone
		{B20B39FD-007F-4961-B49E-D152061913B7}.Release|Any CPU.Deploy.0 = Release|iPhone
		{B20B39FD-007F-4961-B49E-D152061913B7}.Release|ARM.ActiveCfg = Release|iPhone
		{B20B39FD-007F-4961-B49E-D152061913B7}.Release|ARM.Build.0 = Release|iPhone
		{B20B39FD-007F-4961-B49E-D152061913B7}.Release|ARM.Deploy.0 = Release|iPhone
		{B20B39FD-007F-4961-B49E-D152061913B7}.Release|iPhone.ActiveCfg = Release|iPhone
		{B20B39FD-007F-4961-B49E-D152061913B7}.Release|iPhone.Build.0 = Release|iPhone
		{B20B39FD-007F-4961-B49E-D152061913B7}.Release|iPhone.Deploy.0 = Release|iPhone
		{B20B39FD-007F-4961-B49E-D152061913B7}.Release|iPhoneSimulator.ActiveCfg = Release|iPhoneSimulator
		{B20B39FD-007F-4961-B49E-D152061913B7}.Release|iPhoneSimulator.Build.0 = Release|iPhoneSimulator
		{B20B39FD-007F-4961-B49E-D152061913B7}.Release|iPhoneSimulator.Deploy.0 = Release|iPhoneSimulator
		{B20B39FD-007F-4961-B49E-D152061913B7}.Release|x64.ActiveCfg = Release|iPhone
		{B20B39FD-007F-4961-B49E-D152061913B7}.Release|x64.Build.0 = Release|iPhone
		{B20B39FD-007F-4961-B49E-D152061913B7}.Release|x64.Deploy.0 = Release|iPhone
		{B20B39FD-007F-4961-B49E-D152061913B7}.Release|x86.ActiveCfg = Release|iPhone
		{B20B39FD-007F-4961-B49E-D152061913B7}.Release|x86.Build.0 = Release|iPhone
		{B20B39FD-007F-4961-B49E-D152061913B7}.Release|x86.Deploy.0 = Release|iPhone
		{5B2C3D0B-2730-40AD-A4CE-126CDC86B41A}.Ad-Hoc|Any CPU.ActiveCfg = Release|x86
		{5B2C3D0B-2730-40AD-A4CE-126CDC86B41A}.Ad-Hoc|Any CPU.Build.0 = Release|x86
		{5B2C3D0B-2730-40AD-A4CE-126CDC86B41A}.Ad-Hoc|Any CPU.Deploy.0 = Release|x86
		{5B2C3D0B-2730-40AD-A4CE-126CDC86B41A}.Ad-Hoc|ARM.ActiveCfg = Release|ARM
		{5B2C3D0B-2730-40AD-A4CE-126CDC86B41A}.Ad-Hoc|ARM.Build.0 = Release|ARM
		{5B2C3D0B-2730-40AD-A4CE-126CDC86B41A}.Ad-Hoc|ARM.Deploy.0 = Release|ARM
		{5B2C3D0B-2730-40AD-A4CE-126CDC86B41A}.Ad-Hoc|iPhone.ActiveCfg = Release|x86
		{5B2C3D0B-2730-40AD-A4CE-126CDC86B41A}.Ad-Hoc|iPhone.Build.0 = Release|x86
		{5B2C3D0B-2730-40AD-A4CE-126CDC86B41A}.Ad-Hoc|iPhone.Deploy.0 = Release|x86
		{5B2C3D0B-2730-40AD-A4CE-126CDC86B41A}.Ad-Hoc|iPhoneSimulator.ActiveCfg = Release|x86
		{5B2C3D0B-2730-40AD-A4CE-126CDC86B41A}.Ad-Hoc|iPhoneSimulator.Build.0 = Release|x86
		{5B2C3D0B-2730-40AD-A4CE-126CDC86B41A}.Ad-Hoc|iPhoneSimulator.Deploy.0 = Release|x86
		{5B2C3D0B-2730-40AD-A4CE-126CDC86B41A}.Ad-Hoc|x64.ActiveCfg = Release|x64
		{5B2C3D0B-2730-40AD-A4CE-126CDC86B41A}.Ad-Hoc|x64.Build.0 = Release|x64
		{5B2C3D0B-2730-40AD-A4CE-126CDC86B41A}.Ad-Hoc|x64.Deploy.0 = Release|x64
		{5B2C3D0B-2730-40AD-A4CE-126CDC86B41A}.Ad-Hoc|x86.ActiveCfg = Release|x86
		{5B2C3D0B-2730-40AD-A4CE-126CDC86B41A}.Ad-Hoc|x86.Build.0 = Release|x86
		{5B2C3D0B-2730-40AD-A4CE-126CDC86B41A}.Ad-Hoc|x86.Deploy.0 = Release|x86
		{5B2C3D0B-2730-40AD-A4CE-126CDC86B41A}.AppStore|Any CPU.ActiveCfg = Release|x86
		{5B2C3D0B-2730-40AD-A4CE-126CDC86B41A}.AppStore|Any CPU.Build.0 = Release|x86
		{5B2C3D0B-2730-40AD-A4CE-126CDC86B41A}.AppStore|Any CPU.Deploy.0 = Release|x86
		{5B2C3D0B-2730-40AD-A4CE-126CDC86B41A}.AppStore|ARM.ActiveCfg = Release|ARM
		{5B2C3D0B-2730-40AD-A4CE-126CDC86B41A}.AppStore|ARM.Build.0 = Release|ARM
		{5B2C3D0B-2730-40AD-A4CE-126CDC86B41A}.AppStore|ARM.Deploy.0 = Release|ARM
		{5B2C3D0B-2730-40AD-A4CE-126CDC86B41A}.AppStore|iPhone.ActiveCfg = Release|x86
		{5B2C3D0B-2730-40AD-A4CE-126CDC86B41A}.AppStore|iPhone.Build.0 = Release|x86
		{5B2C3D0B-2730-40AD-A4CE-126CDC86B41A}.AppStore|iPhone.Deploy.0 = Release|x86
		{5B2C3D0B-2730-40AD-A4CE-126CDC86B41A}.AppStore|iPhoneSimulator.ActiveCfg = Release|x86
		{5B2C3D0B-2730-40AD-A4CE-126CDC86B41A}.AppStore|iPhoneSimulator.Build.0 = Release|x86
		{5B2C3D0B-2730-40AD-A4CE-126CDC86B41A}.AppStore|iPhoneSimulator.Deploy.0 = Release|x86
		{5B2C3D0B-2730-40AD-A4CE-126CDC86B41A}.AppStore|x64.ActiveCfg = Release|x64
		{5B2C3D0B-2730-40AD-A4CE-126CDC86B41A}.AppStore|x64.Build.0 = Release|x64
		{5B2C3D0B-2730-40AD-A4CE-126CDC86B41A}.AppStore|x64.Deploy.0 = Release|x64
		{5B2C3D0B-2730-40AD-A4CE-126CDC86B41A}.AppStore|x86.ActiveCfg = Release|x86
		{5B2C3D0B-2730-40AD-A4CE-126CDC86B41A}.AppStore|x86.Build.0 = Release|x86
		{5B2C3D0B-2730-40AD-A4CE-126CDC86B41A}.AppStore|x86.Deploy.0 = Release|x86
		{5B2C3D0B-2730-40AD-A4CE-126CDC86B41A}.Debug|Any CPU.ActiveCfg = Debug|x86
		{5B2C3D0B-2730-40AD-A4CE-126CDC86B41A}.Debug|Any CPU.Build.0 = Debug|x86
		{5B2C3D0B-2730-40AD-A4CE-126CDC86B41A}.Debug|Any CPU.Deploy.0 = Debug|x86
		{5B2C3D0B-2730-40AD-A4CE-126CDC86B41A}.Debug|ARM.ActiveCfg = Debug|ARM
		{5B2C3D0B-2730-40AD-A4CE-126CDC86B41A}.Debug|ARM.Build.0 = Debug|ARM
		{5B2C3D0B-2730-40AD-A4CE-126CDC86B41A}.Debug|ARM.Deploy.0 = Debug|ARM
		{5B2C3D0B-2730-40AD-A4CE-126CDC86B41A}.Debug|iPhone.ActiveCfg = Debug|x86
		{5B2C3D0B-2730-40AD-A4CE-126CDC86B41A}.Debug|iPhone.Build.0 = Debug|x86
		{5B2C3D0B-2730-40AD-A4CE-126CDC86B41A}.Debug|iPhone.Deploy.0 = Debug|x86
		{5B2C3D0B-2730-40AD-A4CE-126CDC86B41A}.Debug|iPhoneSimulator.ActiveCfg = Debug|x86
		{5B2C3D0B-2730-40AD-A4CE-126CDC86B41A}.Debug|iPhoneSimulator.Build.0 = Debug|x86
		{5B2C3D0B-2730-40AD-A4CE-126CDC86B41A}.Debug|iPhoneSimulator.Deploy.0 = Debug|x86
		{5B2C3D0B-2730-40AD-A4CE-126CDC86B41A}.Debug|x64.ActiveCfg = Debug|x64
		{5B2C3D0B-2730-40AD-A4CE-126CDC86B41A}.Debug|x64.Build.0 = Debug|x64
		{5B2C3D0B-2730-40AD-A4CE-126CDC86B41A}.Debug|x64.Deploy.0 = Debug|x64
		{5B2C3D0B-2730-40AD-A4CE-126CDC86B41A}.Debug|x86.ActiveCfg = Debug|x86
		{5B2C3D0B-2730-40AD-A4CE-126CDC86B41A}.Debug|x86.Build.0 = Debug|x86
		{5B2C3D0B-2730-40AD-A4CE-126CDC86B41A}.Debug|x86.Deploy.0 = Debug|x86
		{5B2C3D0B-2730-40AD-A4CE-126CDC86B41A}.Release|Any CPU.ActiveCfg = Release|x86
		{5B2C3D0B-2730-40AD-A4CE-126CDC86B41A}.Release|Any CPU.Build.0 = Release|x86
		{5B2C3D0B-2730-40AD-A4CE-126CDC86B41A}.Release|Any CPU.Deploy.0 = Release|x86
		{5B2C3D0B-2730-40AD-A4CE-126CDC86B41A}.Release|ARM.ActiveCfg = Release|ARM
		{5B2C3D0B-2730-40AD-A4CE-126CDC86B41A}.Release|ARM.Build.0 = Release|ARM
		{5B2C3D0B-2730-40AD-A4CE-126CDC86B41A}.Release|ARM.Deploy.0 = Release|ARM
		{5B2C3D0B-2730-40AD-A4CE-126CDC86B41A}.Release|iPhone.ActiveCfg = Release|x86
		{5B2C3D0B-2730-40AD-A4CE-126CDC86B41A}.Release|iPhone.Build.0 = Release|x86
		{5B2C3D0B-2730-40AD-A4CE-126CDC86B41A}.Release|iPhone.Deploy.0 = Release|x86
		{5B2C3D0B-2730-40AD-A4CE-126CDC86B41A}.Release|iPhoneSimulator.ActiveCfg = Release|x86
		{5B2C3D0B-2730-40AD-A4CE-126CDC86B41A}.Release|iPhoneSimulator.Build.0 = Release|x86
		{5B2C3D0B-2730-40AD-A4CE-126CDC86B41A}.Release|iPhoneSimulator.Deploy.0 = Release|x86
		{5B2C3D0B-2730-40AD-A4CE-126CDC86B41A}.Release|x64.ActiveCfg = Release|x64
		{5B2C3D0B-2730-40AD-A4CE-126CDC86B41A}.Release|x64.Build.0 = Release|x64
		{5B2C3D0B-2730-40AD-A4CE-126CDC86B41A}.Release|x64.Deploy.0 = Release|x64
		{5B2C3D0B-2730-40AD-A4CE-126CDC86B41A}.Release|x86.ActiveCfg = Release|x86
		{5B2C3D0B-2730-40AD-A4CE-126CDC86B41A}.Release|x86.Build.0 = Release|x86
		{5B2C3D0B-2730-40AD-A4CE-126CDC86B41A}.Release|x86.Deploy.0 = Release|x86
		{EEFA67EA-2FE2-4287-99B7-FD3B5055282D}.Ad-Hoc|Any CPU.ActiveCfg = Debug|Any CPU
		{EEFA67EA-2FE2-4287-99B7-FD3B5055282D}.Ad-Hoc|Any CPU.Build.0 = Debug|Any CPU
		{EEFA67EA-2FE2-4287-99B7-FD3B5055282D}.Ad-Hoc|Any CPU.Deploy.0 = Debug|Any CPU
		{EEFA67EA-2FE2-4287-99B7-FD3B5055282D}.Ad-Hoc|ARM.ActiveCfg = Debug|Any CPU
		{EEFA67EA-2FE2-4287-99B7-FD3B5055282D}.Ad-Hoc|ARM.Build.0 = Debug|Any CPU
		{EEFA67EA-2FE2-4287-99B7-FD3B5055282D}.Ad-Hoc|ARM.Deploy.0 = Debug|Any CPU
		{EEFA67EA-2FE2-4287-99B7-FD3B5055282D}.Ad-Hoc|iPhone.ActiveCfg = Debug|Any CPU
		{EEFA67EA-2FE2-4287-99B7-FD3B5055282D}.Ad-Hoc|iPhone.Build.0 = Debug|Any CPU
		{EEFA67EA-2FE2-4287-99B7-FD3B5055282D}.Ad-Hoc|iPhone.Deploy.0 = Debug|Any CPU
		{EEFA67EA-2FE2-4287-99B7-FD3B5055282D}.Ad-Hoc|iPhoneSimulator.ActiveCfg = Debug|Any CPU
		{EEFA67EA-2FE2-4287-99B7-FD3B5055282D}.Ad-Hoc|iPhoneSimulator.Build.0 = Debug|Any CPU
		{EEFA67EA-2FE2-4287-99B7-FD3B5055282D}.Ad-Hoc|iPhoneSimulator.Deploy.0 = Debug|Any CPU
		{EEFA67EA-2FE2-4287-99B7-FD3B5055282D}.Ad-Hoc|x64.ActiveCfg = Debug|Any CPU
		{EEFA67EA-2FE2-4287-99B7-FD3B5055282D}.Ad-Hoc|x64.Build.0 = Debug|Any CPU
		{EEFA67EA-2FE2-4287-99B7-FD3B5055282D}.Ad-Hoc|x64.Deploy.0 = Debug|Any CPU
		{EEFA67EA-2FE2-4287-99B7-FD3B5055282D}.Ad-Hoc|x86.ActiveCfg = Debug|Any CPU
		{EEFA67EA-2FE2-4287-99B7-FD3B5055282D}.Ad-Hoc|x86.Build.0 = Debug|Any CPU
		{EEFA67EA-2FE2-4287-99B7-FD3B5055282D}.Ad-Hoc|x86.Deploy.0 = Debug|Any CPU
		{EEFA67EA-2FE2-4287-99B7-FD3B5055282D}.AppStore|Any CPU.ActiveCfg = Debug|Any CPU
		{EEFA67EA-2FE2-4287-99B7-FD3B5055282D}.AppStore|Any CPU.Build.0 = Debug|Any CPU
		{EEFA67EA-2FE2-4287-99B7-FD3B5055282D}.AppStore|Any CPU.Deploy.0 = Debug|Any CPU
		{EEFA67EA-2FE2-4287-99B7-FD3B5055282D}.AppStore|ARM.ActiveCfg = Debug|Any CPU
		{EEFA67EA-2FE2-4287-99B7-FD3B5055282D}.AppStore|ARM.Build.0 = Debug|Any CPU
		{EEFA67EA-2FE2-4287-99B7-FD3B5055282D}.AppStore|ARM.Deploy.0 = Debug|Any CPU
		{EEFA67EA-2FE2-4287-99B7-FD3B5055282D}.AppStore|iPhone.ActiveCfg = Debug|Any CPU
		{EEFA67EA-2FE2-4287-99B7-FD3B5055282D}.AppStore|iPhone.Build.0 = Debug|Any CPU
		{EEFA67EA-2FE2-4287-99B7-FD3B5055282D}.AppStore|iPhone.Deploy.0 = Debug|Any CPU
		{EEFA67EA-2FE2-4287-99B7-FD3B5055282D}.AppStore|iPhoneSimulator.ActiveCfg = Debug|Any CPU
		{EEFA67EA-2FE2-4287-99B7-FD3B5055282D}.AppStore|iPhoneSimulator.Build.0 = Debug|Any CPU
		{EEFA67EA-2FE2-4287-99B7-FD3B5055282D}.AppStore|iPhoneSimulator.Deploy.0 = Debug|Any CPU
		{EEFA67EA-2FE2-4287-99B7-FD3B5055282D}.AppStore|x64.ActiveCfg = Debug|Any CPU
		{EEFA67EA-2FE2-4287-99B7-FD3B5055282D}.AppStore|x64.Build.0 = Debug|Any CPU
		{EEFA67EA-2FE2-4287-99B7-FD3B5055282D}.AppStore|x64.Deploy.0 = Debug|Any CPU
		{EEFA67EA-2FE2-4287-99B7-FD3B5055282D}.AppStore|x86.ActiveCfg = Debug|Any CPU
		{EEFA67EA-2FE2-4287-99B7-FD3B5055282D}.AppStore|x86.Build.0 = Debug|Any CPU
		{EEFA67EA-2FE2-4287-99B7-FD3B5055282D}.AppStore|x86.Deploy.0 = Debug|Any CPU
		{EEFA67EA-2FE2-4287-99B7-FD3B5055282D}.Debug|Any CPU.ActiveCfg = Debug|Any CPU
		{EEFA67EA-2FE2-4287-99B7-FD3B5055282D}.Debug|Any CPU.Build.0 = Debug|Any CPU
		{EEFA67EA-2FE2-4287-99B7-FD3B5055282D}.Debug|Any CPU.Deploy.0 = Debug|Any CPU
		{EEFA67EA-2FE2-4287-99B7-FD3B5055282D}.Debug|ARM.ActiveCfg = Debug|Any CPU
		{EEFA67EA-2FE2-4287-99B7-FD3B5055282D}.Debug|ARM.Build.0 = Debug|Any CPU
		{EEFA67EA-2FE2-4287-99B7-FD3B5055282D}.Debug|ARM.Deploy.0 = Debug|Any CPU
		{EEFA67EA-2FE2-4287-99B7-FD3B5055282D}.Debug|iPhone.ActiveCfg = Debug|Any CPU
		{EEFA67EA-2FE2-4287-99B7-FD3B5055282D}.Debug|iPhone.Build.0 = Debug|Any CPU
		{EEFA67EA-2FE2-4287-99B7-FD3B5055282D}.Debug|iPhone.Deploy.0 = Debug|Any CPU
		{EEFA67EA-2FE2-4287-99B7-FD3B5055282D}.Debug|iPhoneSimulator.ActiveCfg = Debug|Any CPU
		{EEFA67EA-2FE2-4287-99B7-FD3B5055282D}.Debug|iPhoneSimulator.Build.0 = Debug|Any CPU
		{EEFA67EA-2FE2-4287-99B7-FD3B5055282D}.Debug|iPhoneSimulator.Deploy.0 = Debug|Any CPU
		{EEFA67EA-2FE2-4287-99B7-FD3B5055282D}.Debug|x64.ActiveCfg = Debug|Any CPU
		{EEFA67EA-2FE2-4287-99B7-FD3B5055282D}.Debug|x64.Build.0 = Debug|Any CPU
		{EEFA67EA-2FE2-4287-99B7-FD3B5055282D}.Debug|x64.Deploy.0 = Debug|Any CPU
		{EEFA67EA-2FE2-4287-99B7-FD3B5055282D}.Debug|x86.ActiveCfg = Debug|Any CPU
		{EEFA67EA-2FE2-4287-99B7-FD3B5055282D}.Debug|x86.Build.0 = Debug|Any CPU
		{EEFA67EA-2FE2-4287-99B7-FD3B5055282D}.Debug|x86.Deploy.0 = Debug|Any CPU
		{EEFA67EA-2FE2-4287-99B7-FD3B5055282D}.Release|Any CPU.ActiveCfg = Release|Any CPU
		{EEFA67EA-2FE2-4287-99B7-FD3B5055282D}.Release|Any CPU.Build.0 = Release|Any CPU
		{EEFA67EA-2FE2-4287-99B7-FD3B5055282D}.Release|Any CPU.Deploy.0 = Release|Any CPU
		{EEFA67EA-2FE2-4287-99B7-FD3B5055282D}.Release|ARM.ActiveCfg = Release|Any CPU
		{EEFA67EA-2FE2-4287-99B7-FD3B5055282D}.Release|ARM.Build.0 = Release|Any CPU
		{EEFA67EA-2FE2-4287-99B7-FD3B5055282D}.Release|ARM.Deploy.0 = Release|Any CPU
		{EEFA67EA-2FE2-4287-99B7-FD3B5055282D}.Release|iPhone.ActiveCfg = Release|Any CPU
		{EEFA67EA-2FE2-4287-99B7-FD3B5055282D}.Release|iPhone.Build.0 = Release|Any CPU
		{EEFA67EA-2FE2-4287-99B7-FD3B5055282D}.Release|iPhone.Deploy.0 = Release|Any CPU
		{EEFA67EA-2FE2-4287-99B7-FD3B5055282D}.Release|iPhoneSimulator.ActiveCfg = Release|Any CPU
		{EEFA67EA-2FE2-4287-99B7-FD3B5055282D}.Release|iPhoneSimulator.Build.0 = Release|Any CPU
		{EEFA67EA-2FE2-4287-99B7-FD3B5055282D}.Release|iPhoneSimulator.Deploy.0 = Release|Any CPU
		{EEFA67EA-2FE2-4287-99B7-FD3B5055282D}.Release|x64.ActiveCfg = Release|Any CPU
		{EEFA67EA-2FE2-4287-99B7-FD3B5055282D}.Release|x64.Build.0 = Release|Any CPU
		{EEFA67EA-2FE2-4287-99B7-FD3B5055282D}.Release|x64.Deploy.0 = Release|Any CPU
		{EEFA67EA-2FE2-4287-99B7-FD3B5055282D}.Release|x86.ActiveCfg = Release|Any CPU
		{EEFA67EA-2FE2-4287-99B7-FD3B5055282D}.Release|x86.Build.0 = Release|Any CPU
		{EEFA67EA-2FE2-4287-99B7-FD3B5055282D}.Release|x86.Deploy.0 = Release|Any CPU
	EndGlobalSection
	GlobalSection(SolutionProperties) = preSolution
		HideSolutionNode = FALSE
	EndGlobalSection
	GlobalSection(ExtensibilityGlobals) = postSolution
		SolutionGuid = {CB2D0E8A-D288-4677-AD84-8385219818B9}
	EndGlobalSection
EndGlobal
